// !$*UTF8*$!
{
	archiveVersion = 1;
	classes = {
	};
	objectVersion = 51;
	objects = {

/* Begin PBXBuildFile section */
		06D44CC57BBAA2E87442D860 /* libPods-MyTestDemo.a in Frameworks */ = {isa = PBXBuildFile; fileRef = E8FEB8BCB5299C1F4D24DE35 /* libPods-MyTestDemo.a */; };
		BE045765216EE86B0074F9A3 /* MGDesEncrypt.m in Sources */ = {isa = PBXBuildFile; fileRef = BE045763216EE86B0074F9A3 /* MGDesEncrypt.m */; };
		BE045768216EE89C0074F9A3 /* EncryptVC.m in Sources */ = {isa = PBXBuildFile; fileRef = BE045767216EE89C0074F9A3 /* EncryptVC.m */; };
		BE04576B216F1BC60074F9A3 /* MGSafeHostURLManager.m in Sources */ = {isa = PBXBuildFile; fileRef = BE04576A216F1BC50074F9A3 /* MGSafeHostURLManager.m */; };
		BE045770216F344C0074F9A3 /* NSString+YPKit.m in Sources */ = {isa = PBXBuildFile; fileRef = BE04576C216F344C0074F9A3 /* NSString+YPKit.m */; };
		BE045771216F344C0074F9A3 /* NSData+YPKit.m in Sources */ = {isa = PBXBuildFile; fileRef = BE04576D216F344C0074F9A3 /* NSData+YPKit.m */; };
		BE22084D2119711500DEB448 /* AppDelegate.m in Sources */ = {isa = PBXBuildFile; fileRef = BE22084C2119711500DEB448 /* AppDelegate.m */; };
		BE2208502119711500DEB448 /* ViewController.m in Sources */ = {isa = PBXBuildFile; fileRef = BE22084F2119711500DEB448 /* ViewController.m */; };
		BE2208552119711600DEB448 /* Assets.xcassets in Resources */ = {isa = PBXBuildFile; fileRef = BE2208542119711600DEB448 /* Assets.xcassets */; };
		BE22085B2119711600DEB448 /* main.m in Sources */ = {isa = PBXBuildFile; fileRef = BE22085A2119711600DEB448 /* main.m */; };
		BE264F2A211C35F30073B7F6 /* GCDDemoVC.m in Sources */ = {isa = PBXBuildFile; fileRef = BE264F29211C35F30073B7F6 /* GCDDemoVC.m */; };
		BE3083062119741E0080DF01 /* RunLoopViewController.m in Sources */ = {isa = PBXBuildFile; fileRef = BE3083052119741E0080DF01 /* RunLoopViewController.m */; };
		BE30830B2119760E0080DF01 /* InstanceTypeVC.m in Sources */ = {isa = PBXBuildFile; fileRef = BE30830A2119760E0080DF01 /* InstanceTypeVC.m */; };
		BE30830E211976250080DF01 /* VarableStructVC.m in Sources */ = {isa = PBXBuildFile; fileRef = BE30830D211976250080DF01 /* VarableStructVC.m */; };
		BE3083112119789A0080DF01 /* MyThread.m in Sources */ = {isa = PBXBuildFile; fileRef = BE3083102119789A0080DF01 /* MyThread.m */; };
		BE308327211A816C0080DF01 /* RunLoopChangeModeVC.m in Sources */ = {isa = PBXBuildFile; fileRef = BE308325211A816C0080DF01 /* RunLoopChangeModeVC.m */; };
		BE308328211A816C0080DF01 /* RunLoopChangeModeVC.xib in Resources */ = {isa = PBXBuildFile; fileRef = BE308326211A816C0080DF01 /* RunLoopChangeModeVC.xib */; };
		BE30832B211A89870080DF01 /* Test.m in Sources */ = {isa = PBXBuildFile; fileRef = BE308329211A89870080DF01 /* Test.m */; };
		BE30832E211A899E0080DF01 /* Person.m in Sources */ = {isa = PBXBuildFile; fileRef = BE30832D211A899E0080DF01 /* Person.m */; };
		BE308335211AD4960080DF01 /* AutoreleaseVC.m in Sources */ = {isa = PBXBuildFile; fileRef = BE308334211AD4960080DF01 /* AutoreleaseVC.m */; };
		BE414C9B22E0507300ABA109 /* RunLoopShareTestDemoVC.m in Sources */ = {isa = PBXBuildFile; fileRef = BE414C9A22E0507300ABA109 /* RunLoopShareTestDemoVC.m */; };
		BE428763212AB46900122853 /* file1.c in Sources */ = {isa = PBXBuildFile; fileRef = BE428762212AB46900122853 /* file1.c */; };
		BE428766212AB47500122853 /* file2.c in Sources */ = {isa = PBXBuildFile; fileRef = BE428765212AB47500122853 /* file2.c */; };
		BE4DAAEF232F265B009BB04F /* ZSHtmlToRichTextVC.m in Sources */ = {isa = PBXBuildFile; fileRef = BE4DAAEE232F265B009BB04F /* ZSHtmlToRichTextVC.m */; };
		BE605E2521F5ED9F006FDDB6 /* ZSFileUploadDAO.m in Sources */ = {isa = PBXBuildFile; fileRef = BE605E2421F5ED9F006FDDB6 /* ZSFileUploadDAO.m */; };
		BE605E2E21F5EF09006FDDB6 /* 任务集导入测试.csv in Resources */ = {isa = PBXBuildFile; fileRef = BE605E2D21F5EF09006FDDB6 /* 任务集导入测试.csv */; };
		BE89F201215F740B008C3123 /* qntest.jpg in Resources */ = {isa = PBXBuildFile; fileRef = BE89F200215F740B008C3123 /* qntest.jpg */; };
		BE9D5C342137D68800F0F292 /* test.gif in Resources */ = {isa = PBXBuildFile; fileRef = BE9D5C332137D68800F0F292 /* test.gif */; };
		BEB57A61218AA84100C05FCE /* ZSDownloadVC.m in Sources */ = {isa = PBXBuildFile; fileRef = BEB57A60218AA84100C05FCE /* ZSDownloadVC.m */; };
		BED2E7DD213A6E9600A0CC54 /* GenericsVC.m in Sources */ = {isa = PBXBuildFile; fileRef = BED2E7DC213A6E9600A0CC54 /* GenericsVC.m */; };
		BED2E7E0213A6F5200A0CC54 /* Fruit.m in Sources */ = {isa = PBXBuildFile; fileRef = BED2E7DF213A6F5200A0CC54 /* Fruit.m */; };
		BEE6B7FF2396541100558383 /* ZSNextResponsderVC.m in Sources */ = {isa = PBXBuildFile; fileRef = BEE6B7FE2396541100558383 /* ZSNextResponsderVC.m */; };
		BEE6B8022396566C00558383 /* MyTestButton.m in Sources */ = {isa = PBXBuildFile; fileRef = BEE6B8012396566C00558383 /* MyTestButton.m */; };
		BEF98A37230B8A7500CCC65D /* ZSLocationManager.m in Sources */ = {isa = PBXBuildFile; fileRef = BEF98A36230B8A7500CCC65D /* ZSLocationManager.m */; };
/* End PBXBuildFile section */

/* Begin PBXFileReference section */
		1D6AB966F6889DA0D61DA72A /* Pods-MyTestDemo.release.xcconfig */ = {isa = PBXFileReference; includeInIndex = 1; lastKnownFileType = text.xcconfig; name = "Pods-MyTestDemo.release.xcconfig"; path = "Pods/Target Support Files/Pods-MyTestDemo/Pods-MyTestDemo.release.xcconfig"; sourceTree = "<group>"; };
		BE045763216EE86B0074F9A3 /* MGDesEncrypt.m */ = {isa = PBXFileReference; fileEncoding = 4; lastKnownFileType = sourcecode.c.objc; path = MGDesEncrypt.m; sourceTree = "<group>"; };
		BE045764216EE86B0074F9A3 /* MGDesEncrypt.h */ = {isa = PBXFileReference; fileEncoding = 4; lastKnownFileType = sourcecode.c.h; path = MGDesEncrypt.h; sourceTree = "<group>"; };
		BE045766216EE89C0074F9A3 /* EncryptVC.h */ = {isa = PBXFileReference; lastKnownFileType = sourcecode.c.h; path = EncryptVC.h; sourceTree = "<group>"; };
		BE045767216EE89C0074F9A3 /* EncryptVC.m */ = {isa = PBXFileReference; lastKnownFileType = sourcecode.c.objc; path = EncryptVC.m; sourceTree = "<group>"; };
		BE045769216F1BC50074F9A3 /* MGSafeHostURLManager.h */ = {isa = PBXFileReference; fileEncoding = 4; lastKnownFileType = sourcecode.c.h; path = MGSafeHostURLManager.h; sourceTree = "<group>"; };
		BE04576A216F1BC50074F9A3 /* MGSafeHostURLManager.m */ = {isa = PBXFileReference; fileEncoding = 4; lastKnownFileType = sourcecode.c.objc; path = MGSafeHostURLManager.m; sourceTree = "<group>"; };
		BE04576C216F344C0074F9A3 /* NSString+YPKit.m */ = {isa = PBXFileReference; fileEncoding = 4; lastKnownFileType = sourcecode.c.objc; path = "NSString+YPKit.m"; sourceTree = "<group>"; };
		BE04576D216F344C0074F9A3 /* NSData+YPKit.m */ = {isa = PBXFileReference; fileEncoding = 4; lastKnownFileType = sourcecode.c.objc; path = "NSData+YPKit.m"; sourceTree = "<group>"; };
		BE04576E216F344C0074F9A3 /* NSString+YPKit.h */ = {isa = PBXFileReference; fileEncoding = 4; lastKnownFileType = sourcecode.c.h; path = "NSString+YPKit.h"; sourceTree = "<group>"; };
		BE04576F216F344C0074F9A3 /* NSData+YPKit.h */ = {isa = PBXFileReference; fileEncoding = 4; lastKnownFileType = sourcecode.c.h; path = "NSData+YPKit.h"; sourceTree = "<group>"; };
		BE2208482119711500DEB448 /* MyTestDemo.app */ = {isa = PBXFileReference; explicitFileType = wrapper.application; includeInIndex = 0; path = MyTestDemo.app; sourceTree = BUILT_PRODUCTS_DIR; };
		BE22084B2119711500DEB448 /* AppDelegate.h */ = {isa = PBXFileReference; lastKnownFileType = sourcecode.c.h; path = AppDelegate.h; sourceTree = "<group>"; };
		BE22084C2119711500DEB448 /* AppDelegate.m */ = {isa = PBXFileReference; lastKnownFileType = sourcecode.c.objc; path = AppDelegate.m; sourceTree = "<group>"; };
		BE22084E2119711500DEB448 /* ViewController.h */ = {isa = PBXFileReference; lastKnownFileType = sourcecode.c.h; path = ViewController.h; sourceTree = "<group>"; };
		BE22084F2119711500DEB448 /* ViewController.m */ = {isa = PBXFileReference; lastKnownFileType = sourcecode.c.objc; path = ViewController.m; sourceTree = "<group>"; };
		BE2208542119711600DEB448 /* Assets.xcassets */ = {isa = PBXFileReference; lastKnownFileType = folder.assetcatalog; path = Assets.xcassets; sourceTree = "<group>"; };
		BE2208592119711600DEB448 /* Info.plist */ = {isa = PBXFileReference; lastKnownFileType = text.plist.xml; path = Info.plist; sourceTree = "<group>"; };
		BE22085A2119711600DEB448 /* main.m */ = {isa = PBXFileReference; lastKnownFileType = sourcecode.c.objc; path = main.m; sourceTree = "<group>"; };
		BE264F28211C35F30073B7F6 /* GCDDemoVC.h */ = {isa = PBXFileReference; lastKnownFileType = sourcecode.c.h; path = GCDDemoVC.h; sourceTree = "<group>"; };
		BE264F29211C35F30073B7F6 /* GCDDemoVC.m */ = {isa = PBXFileReference; lastKnownFileType = sourcecode.c.objc; path = GCDDemoVC.m; sourceTree = "<group>"; };
		BE3083042119741E0080DF01 /* RunLoopViewController.h */ = {isa = PBXFileReference; lastKnownFileType = sourcecode.c.h; path = RunLoopViewController.h; sourceTree = "<group>"; };
		BE3083052119741E0080DF01 /* RunLoopViewController.m */ = {isa = PBXFileReference; lastKnownFileType = sourcecode.c.objc; path = RunLoopViewController.m; sourceTree = "<group>"; };
		BE308307211974780080DF01 /* MyDemoHeader.h */ = {isa = PBXFileReference; lastKnownFileType = sourcecode.c.h; path = MyDemoHeader.h; sourceTree = "<group>"; };
		BE308308211975100080DF01 /* MyTestDemo-Prefix.pch */ = {isa = PBXFileReference; lastKnownFileType = sourcecode.c.h; path = "MyTestDemo-Prefix.pch"; sourceTree = "<group>"; };
		BE3083092119760E0080DF01 /* InstanceTypeVC.h */ = {isa = PBXFileReference; lastKnownFileType = sourcecode.c.h; path = InstanceTypeVC.h; sourceTree = "<group>"; };
		BE30830A2119760E0080DF01 /* InstanceTypeVC.m */ = {isa = PBXFileReference; lastKnownFileType = sourcecode.c.objc; path = InstanceTypeVC.m; sourceTree = "<group>"; };
		BE30830C211976250080DF01 /* VarableStructVC.h */ = {isa = PBXFileReference; lastKnownFileType = sourcecode.c.h; path = VarableStructVC.h; sourceTree = "<group>"; };
		BE30830D211976250080DF01 /* VarableStructVC.m */ = {isa = PBXFileReference; lastKnownFileType = sourcecode.c.objc; path = VarableStructVC.m; sourceTree = "<group>"; };
		BE30830F2119789A0080DF01 /* MyThread.h */ = {isa = PBXFileReference; lastKnownFileType = sourcecode.c.h; path = MyThread.h; sourceTree = "<group>"; };
		BE3083102119789A0080DF01 /* MyThread.m */ = {isa = PBXFileReference; lastKnownFileType = sourcecode.c.objc; path = MyThread.m; sourceTree = "<group>"; };
		BE308324211A816C0080DF01 /* RunLoopChangeModeVC.h */ = {isa = PBXFileReference; lastKnownFileType = sourcecode.c.h; path = RunLoopChangeModeVC.h; sourceTree = "<group>"; };
		BE308325211A816C0080DF01 /* RunLoopChangeModeVC.m */ = {isa = PBXFileReference; lastKnownFileType = sourcecode.c.objc; path = RunLoopChangeModeVC.m; sourceTree = "<group>"; };
		BE308326211A816C0080DF01 /* RunLoopChangeModeVC.xib */ = {isa = PBXFileReference; lastKnownFileType = file.xib; path = RunLoopChangeModeVC.xib; sourceTree = "<group>"; };
		BE308329211A89870080DF01 /* Test.m */ = {isa = PBXFileReference; fileEncoding = 4; lastKnownFileType = sourcecode.c.objc; path = Test.m; sourceTree = "<group>"; };
		BE30832A211A89870080DF01 /* Test.h */ = {isa = PBXFileReference; fileEncoding = 4; lastKnownFileType = sourcecode.c.h; path = Test.h; sourceTree = "<group>"; };
		BE30832C211A899E0080DF01 /* Person.h */ = {isa = PBXFileReference; fileEncoding = 4; lastKnownFileType = sourcecode.c.h; path = Person.h; sourceTree = "<group>"; };
		BE30832D211A899E0080DF01 /* Person.m */ = {isa = PBXFileReference; fileEncoding = 4; lastKnownFileType = sourcecode.c.objc; path = Person.m; sourceTree = "<group>"; };
		BE308333211AD4960080DF01 /* AutoreleaseVC.h */ = {isa = PBXFileReference; fileEncoding = 4; lastKnownFileType = sourcecode.c.h; path = AutoreleaseVC.h; sourceTree = "<group>"; };
		BE308334211AD4960080DF01 /* AutoreleaseVC.m */ = {isa = PBXFileReference; fileEncoding = 4; lastKnownFileType = sourcecode.c.objc; path = AutoreleaseVC.m; sourceTree = "<group>"; };
		BE414C9922E0507300ABA109 /* RunLoopShareTestDemoVC.h */ = {isa = PBXFileReference; lastKnownFileType = sourcecode.c.h; path = RunLoopShareTestDemoVC.h; sourceTree = "<group>"; };
		BE414C9A22E0507300ABA109 /* RunLoopShareTestDemoVC.m */ = {isa = PBXFileReference; lastKnownFileType = sourcecode.c.objc; path = RunLoopShareTestDemoVC.m; sourceTree = "<group>"; };
		BE428761212AB46900122853 /* file1.h */ = {isa = PBXFileReference; lastKnownFileType = sourcecode.c.h; path = file1.h; sourceTree = "<group>"; };
		BE428762212AB46900122853 /* file1.c */ = {isa = PBXFileReference; lastKnownFileType = sourcecode.c.c; path = file1.c; sourceTree = "<group>"; };
		BE428764212AB47500122853 /* file2.h */ = {isa = PBXFileReference; lastKnownFileType = sourcecode.c.h; path = file2.h; sourceTree = "<group>"; };
		BE428765212AB47500122853 /* file2.c */ = {isa = PBXFileReference; lastKnownFileType = sourcecode.c.c; path = file2.c; sourceTree = "<group>"; };
		BE4DAAED232F265B009BB04F /* ZSHtmlToRichTextVC.h */ = {isa = PBXFileReference; lastKnownFileType = sourcecode.c.h; path = ZSHtmlToRichTextVC.h; sourceTree = "<group>"; };
		BE4DAAEE232F265B009BB04F /* ZSHtmlToRichTextVC.m */ = {isa = PBXFileReference; lastKnownFileType = sourcecode.c.objc; path = ZSHtmlToRichTextVC.m; sourceTree = "<group>"; };
		BE605E2321F5ED9F006FDDB6 /* ZSFileUploadDAO.h */ = {isa = PBXFileReference; lastKnownFileType = sourcecode.c.h; path = ZSFileUploadDAO.h; sourceTree = "<group>"; };
		BE605E2421F5ED9F006FDDB6 /* ZSFileUploadDAO.m */ = {isa = PBXFileReference; lastKnownFileType = sourcecode.c.objc; path = ZSFileUploadDAO.m; sourceTree = "<group>"; };
		BE605E2D21F5EF09006FDDB6 /* 任务集导入测试.csv */ = {isa = PBXFileReference; fileEncoding = 4; lastKnownFileType = text; path = "任务集导入测试.csv"; sourceTree = "<group>"; };
		BE89F200215F740B008C3123 /* qntest.jpg */ = {isa = PBXFileReference; lastKnownFileType = image.jpeg; path = qntest.jpg; sourceTree = "<group>"; };
		BE9D5C332137D68800F0F292 /* test.gif */ = {isa = PBXFileReference; lastKnownFileType = image.gif; path = test.gif; sourceTree = "<group>"; };
		BEB57A5F218AA84100C05FCE /* ZSDownloadVC.h */ = {isa = PBXFileReference; lastKnownFileType = sourcecode.c.h; path = ZSDownloadVC.h; sourceTree = "<group>"; };
		BEB57A60218AA84100C05FCE /* ZSDownloadVC.m */ = {isa = PBXFileReference; lastKnownFileType = sourcecode.c.objc; path = ZSDownloadVC.m; sourceTree = "<group>"; };
		BED2E7DB213A6E9600A0CC54 /* GenericsVC.h */ = {isa = PBXFileReference; lastKnownFileType = sourcecode.c.h; path = GenericsVC.h; sourceTree = "<group>"; };
		BED2E7DC213A6E9600A0CC54 /* GenericsVC.m */ = {isa = PBXFileReference; lastKnownFileType = sourcecode.c.objc; path = GenericsVC.m; sourceTree = "<group>"; };
		BED2E7DE213A6F5200A0CC54 /* Fruit.h */ = {isa = PBXFileReference; lastKnownFileType = sourcecode.c.h; path = Fruit.h; sourceTree = "<group>"; };
		BED2E7DF213A6F5200A0CC54 /* Fruit.m */ = {isa = PBXFileReference; lastKnownFileType = sourcecode.c.objc; path = Fruit.m; sourceTree = "<group>"; };
		BEE6B7FD2396541100558383 /* ZSNextResponsderVC.h */ = {isa = PBXFileReference; lastKnownFileType = sourcecode.c.h; path = ZSNextResponsderVC.h; sourceTree = "<group>"; };
		BEE6B7FE2396541100558383 /* ZSNextResponsderVC.m */ = {isa = PBXFileReference; lastKnownFileType = sourcecode.c.objc; path = ZSNextResponsderVC.m; sourceTree = "<group>"; };
		BEE6B8002396566C00558383 /* MyTestButton.h */ = {isa = PBXFileReference; lastKnownFileType = sourcecode.c.h; path = MyTestButton.h; sourceTree = "<group>"; };
		BEE6B8012396566C00558383 /* MyTestButton.m */ = {isa = PBXFileReference; lastKnownFileType = sourcecode.c.objc; path = MyTestButton.m; sourceTree = "<group>"; };
		BEF98A35230B8A7500CCC65D /* ZSLocationManager.h */ = {isa = PBXFileReference; lastKnownFileType = sourcecode.c.h; path = ZSLocationManager.h; sourceTree = "<group>"; };
		BEF98A36230B8A7500CCC65D /* ZSLocationManager.m */ = {isa = PBXFileReference; lastKnownFileType = sourcecode.c.objc; path = ZSLocationManager.m; sourceTree = "<group>"; };
		E8FEB8BCB5299C1F4D24DE35 /* libPods-MyTestDemo.a */ = {isa = PBXFileReference; explicitFileType = archive.ar; includeInIndex = 0; path = "libPods-MyTestDemo.a"; sourceTree = BUILT_PRODUCTS_DIR; };
		F462E68F1CD4B6E4ACFE3F96 /* Pods-MyTestDemo.debug.xcconfig */ = {isa = PBXFileReference; includeInIndex = 1; lastKnownFileType = text.xcconfig; name = "Pods-MyTestDemo.debug.xcconfig"; path = "Pods/Target Support Files/Pods-MyTestDemo/Pods-MyTestDemo.debug.xcconfig"; sourceTree = "<group>"; };
/* End PBXFileReference section */

/* Begin PBXFrameworksBuildPhase section */
		BE2208452119711500DEB448 /* Frameworks */ = {
			isa = PBXFrameworksBuildPhase;
			buildActionMask = 2147483647;
			files = (
				06D44CC57BBAA2E87442D860 /* libPods-MyTestDemo.a in Frameworks */,
			);
			runOnlyForDeploymentPostprocessing = 0;
		};
/* End PBXFrameworksBuildPhase section */

/* Begin PBXGroup section */
		08C912C570005E89764B5E1A /* Pods */ = {
			isa = PBXGroup;
			children = (
				F462E68F1CD4B6E4ACFE3F96 /* Pods-MyTestDemo.debug.xcconfig */,
				1D6AB966F6889DA0D61DA72A /* Pods-MyTestDemo.release.xcconfig */,
			);
			name = Pods;
			sourceTree = "<group>";
		};
		2B28BCA5DFAAC89B25E3370F /* Frameworks */ = {
			isa = PBXGroup;
			children = (
				E8FEB8BCB5299C1F4D24DE35 /* libPods-MyTestDemo.a */,
			);
			name = Frameworks;
			sourceTree = "<group>";
		};
		BE045762216EE8050074F9A3 /* 加密 */ = {
			isa = PBXGroup;
			children = (
				BE04576F216F344C0074F9A3 /* NSData+YPKit.h */,
				BE04576D216F344C0074F9A3 /* NSData+YPKit.m */,
				BE04576E216F344C0074F9A3 /* NSString+YPKit.h */,
				BE04576C216F344C0074F9A3 /* NSString+YPKit.m */,
				BE045769216F1BC50074F9A3 /* MGSafeHostURLManager.h */,
				BE04576A216F1BC50074F9A3 /* MGSafeHostURLManager.m */,
				BE045764216EE86B0074F9A3 /* MGDesEncrypt.h */,
				BE045763216EE86B0074F9A3 /* MGDesEncrypt.m */,
				BE045766216EE89C0074F9A3 /* EncryptVC.h */,
				BE045767216EE89C0074F9A3 /* EncryptVC.m */,
			);
			path = "加密";
			sourceTree = "<group>";
		};
		BE22083F2119711500DEB448 = {
			isa = PBXGroup;
			children = (
				BE22084A2119711500DEB448 /* MyTestDemo */,
				BE2208492119711500DEB448 /* Products */,
				08C912C570005E89764B5E1A /* Pods */,
				2B28BCA5DFAAC89B25E3370F /* Frameworks */,
			);
			sourceTree = "<group>";
		};
		BE2208492119711500DEB448 /* Products */ = {
			isa = PBXGroup;
			children = (
				BE2208482119711500DEB448 /* MyTestDemo.app */,
			);
			name = Products;
			sourceTree = "<group>";
		};
		BE22084A2119711500DEB448 /* MyTestDemo */ = {
			isa = PBXGroup;
			children = (
				BEE6B7FC239653E500558383 /* 事件响应链 */,
				BE4DAAEC232F2643009BB04F /* HtmlToRichText */,
				BEF98A34230B8A6300CCC65D /* Geolocation */,
				BEB57A5E218AA81D00C05FCE /* 文件下载 */,
				BE045762216EE8050074F9A3 /* 加密 */,
				BED2E7DA213A6E5E00A0CC54 /* 泛型 */,
				BE428760212AB44B00122853 /* Static */,
				BE264F27211C35AE0073B7F6 /* GCD */,
				BE308332211AD4960080DF01 /* Autorelease */,
				BE308301211974030080DF01 /* InstanceType */,
				BE308302211974030080DF01 /* RunLoop */,
				BE308303211974030080DF01 /* VariableStruct */,
				BE22084B2119711500DEB448 /* AppDelegate.h */,
				BE22084C2119711500DEB448 /* AppDelegate.m */,
				BE22084E2119711500DEB448 /* ViewController.h */,
				BE22084F2119711500DEB448 /* ViewController.m */,
				BE2208542119711600DEB448 /* Assets.xcassets */,
				BE2208592119711600DEB448 /* Info.plist */,
				BE22085A2119711600DEB448 /* main.m */,
				BE308307211974780080DF01 /* MyDemoHeader.h */,
				BE308308211975100080DF01 /* MyTestDemo-Prefix.pch */,
				BEE6B8002396566C00558383 /* MyTestButton.h */,
				BEE6B8012396566C00558383 /* MyTestButton.m */,
			);
			path = MyTestDemo;
			sourceTree = "<group>";
		};
		BE264F27211C35AE0073B7F6 /* GCD */ = {
			isa = PBXGroup;
			children = (
				BE264F28211C35F30073B7F6 /* GCDDemoVC.h */,
				BE264F29211C35F30073B7F6 /* GCDDemoVC.m */,
			);
			path = GCD;
			sourceTree = "<group>";
		};
		BE308301211974030080DF01 /* InstanceType */ = {
			isa = PBXGroup;
			children = (
				BE30832A211A89870080DF01 /* Test.h */,
				BE308329211A89870080DF01 /* Test.m */,
				BE30832C211A899E0080DF01 /* Person.h */,
				BE30832D211A899E0080DF01 /* Person.m */,
				BE3083092119760E0080DF01 /* InstanceTypeVC.h */,
				BE30830A2119760E0080DF01 /* InstanceTypeVC.m */,
			);
			path = InstanceType;
			sourceTree = "<group>";
		};
		BE308302211974030080DF01 /* RunLoop */ = {
			isa = PBXGroup;
			children = (
				BE3083042119741E0080DF01 /* RunLoopViewController.h */,
				BE3083052119741E0080DF01 /* RunLoopViewController.m */,
				BE308324211A816C0080DF01 /* RunLoopChangeModeVC.h */,
				BE308325211A816C0080DF01 /* RunLoopChangeModeVC.m */,
				BE308326211A816C0080DF01 /* RunLoopChangeModeVC.xib */,
				BE30830F2119789A0080DF01 /* MyThread.h */,
				BE3083102119789A0080DF01 /* MyThread.m */,
				BE414C9922E0507300ABA109 /* RunLoopShareTestDemoVC.h */,
				BE414C9A22E0507300ABA109 /* RunLoopShareTestDemoVC.m */,
			);
			path = RunLoop;
			sourceTree = "<group>";
		};
		BE308303211974030080DF01 /* VariableStruct */ = {
			isa = PBXGroup;
			children = (
				BE89F200215F740B008C3123 /* qntest.jpg */,
				BE9D5C332137D68800F0F292 /* test.gif */,
				BE30830C211976250080DF01 /* VarableStructVC.h */,
				BE30830D211976250080DF01 /* VarableStructVC.m */,
			);
			path = VariableStruct;
			sourceTree = "<group>";
		};
		BE308332211AD4960080DF01 /* Autorelease */ = {
			isa = PBXGroup;
			children = (
				BE308333211AD4960080DF01 /* AutoreleaseVC.h */,
				BE308334211AD4960080DF01 /* AutoreleaseVC.m */,
			);
			path = Autorelease;
			sourceTree = "<group>";
		};
		BE428760212AB44B00122853 /* Static */ = {
			isa = PBXGroup;
			children = (
				BE428761212AB46900122853 /* file1.h */,
				BE428762212AB46900122853 /* file1.c */,
				BE428764212AB47500122853 /* file2.h */,
				BE428765212AB47500122853 /* file2.c */,
			);
			path = Static;
			sourceTree = "<group>";
		};
		BE4DAAEC232F2643009BB04F /* HtmlToRichText */ = {
			isa = PBXGroup;
			children = (
				BE4DAAED232F265B009BB04F /* ZSHtmlToRichTextVC.h */,
				BE4DAAEE232F265B009BB04F /* ZSHtmlToRichTextVC.m */,
			);
			path = HtmlToRichText;
			sourceTree = "<group>";
		};
		BEB57A5E218AA81D00C05FCE /* 文件下载 */ = {
			isa = PBXGroup;
			children = (
				BE605E2D21F5EF09006FDDB6 /* 任务集导入测试.csv */,
				BEB57A5F218AA84100C05FCE /* ZSDownloadVC.h */,
				BEB57A60218AA84100C05FCE /* ZSDownloadVC.m */,
				BE605E2321F5ED9F006FDDB6 /* ZSFileUploadDAO.h */,
				BE605E2421F5ED9F006FDDB6 /* ZSFileUploadDAO.m */,
			);
			path = "文件下载";
			sourceTree = "<group>";
		};
		BED2E7DA213A6E5E00A0CC54 /* 泛型 */ = {
			isa = PBXGroup;
			children = (
				BED2E7DB213A6E9600A0CC54 /* GenericsVC.h */,
				BED2E7DC213A6E9600A0CC54 /* GenericsVC.m */,
				BED2E7DE213A6F5200A0CC54 /* Fruit.h */,
				BED2E7DF213A6F5200A0CC54 /* Fruit.m */,
			);
			path = "泛型";
			sourceTree = "<group>";
		};
		BEE6B7FC239653E500558383 /* 事件响应链 */ = {
			isa = PBXGroup;
			children = (
				BEE6B7FD2396541100558383 /* ZSNextResponsderVC.h */,
				BEE6B7FE2396541100558383 /* ZSNextResponsderVC.m */,
			);
			path = "事件响应链";
			sourceTree = "<group>";
		};
		BEF98A34230B8A6300CCC65D /* Geolocation */ = {
			isa = PBXGroup;
			children = (
				BEF98A35230B8A7500CCC65D /* ZSLocationManager.h */,
				BEF98A36230B8A7500CCC65D /* ZSLocationManager.m */,
			);
			path = Geolocation;
			sourceTree = "<group>";
		};
/* End PBXGroup section */

/* Begin PBXNativeTarget section */
		BE2208472119711500DEB448 /* MyTestDemo */ = {
			isa = PBXNativeTarget;
			buildConfigurationList = BE22085E2119711600DEB448 /* Build configuration list for PBXNativeTarget "MyTestDemo" */;
			buildPhases = (
				072DD4EEBCFBA4ACE5E45064 /* [CP] Check Pods Manifest.lock */,
				BE2208442119711500DEB448 /* Sources */,
				BE2208452119711500DEB448 /* Frameworks */,
				BE2208462119711500DEB448 /* Resources */,
				1F93FA45F9091FA8FA0C8D9C /* [CP] Copy Pods Resources */,
			);
			buildRules = (
			);
			dependencies = (
			);
			name = MyTestDemo;
			productName = MyTestDemo;
			productReference = BE2208482119711500DEB448 /* MyTestDemo.app */;
			productType = "com.apple.product-type.application";
		};
/* End PBXNativeTarget section */

/* Begin PBXProject section */
		BE2208402119711500DEB448 /* Project object */ = {
			isa = PBXProject;
			attributes = {
				LastUpgradeCheck = 0940;
				ORGANIZATIONNAME = zs;
				TargetAttributes = {
					BE2208472119711500DEB448 = {
						CreatedOnToolsVersion = 9.4;
					};
				};
			};
			buildConfigurationList = BE2208432119711500DEB448 /* Build configuration list for PBXProject "MyTestDemo" */;
			compatibilityVersion = "Xcode 9.3";
			developmentRegion = en;
			hasScannedForEncodings = 0;
			knownRegions = (
				en,
				Base,
			);
			mainGroup = BE22083F2119711500DEB448;
			productRefGroup = BE2208492119711500DEB448 /* Products */;
			projectDirPath = "";
			projectRoot = "";
			targets = (
				BE2208472119711500DEB448 /* MyTestDemo */,
			);
		};
/* End PBXProject section */

/* Begin PBXResourcesBuildPhase section */
		BE2208462119711500DEB448 /* Resources */ = {
			isa = PBXResourcesBuildPhase;
			buildActionMask = 2147483647;
			files = (
				BE605E2E21F5EF09006FDDB6 /* 任务集导入测试.csv in Resources */,
				BE9D5C342137D68800F0F292 /* test.gif in Resources */,
				BE89F201215F740B008C3123 /* qntest.jpg in Resources */,
				BE2208552119711600DEB448 /* Assets.xcassets in Resources */,
				BE308328211A816C0080DF01 /* RunLoopChangeModeVC.xib in Resources */,
			);
			runOnlyForDeploymentPostprocessing = 0;
		};
/* End PBXResourcesBuildPhase section */

/* Begin PBXShellScriptBuildPhase section */
		072DD4EEBCFBA4ACE5E45064 /* [CP] Check Pods Manifest.lock */ = {
			isa = PBXShellScriptBuildPhase;
			buildActionMask = 2147483647;
			files = (
			);
			inputPaths = (
				"${PODS_PODFILE_DIR_PATH}/Podfile.lock",
				"${PODS_ROOT}/Manifest.lock",
			);
			name = "[CP] Check Pods Manifest.lock";
			outputPaths = (
				"$(DERIVED_FILE_DIR)/Pods-MyTestDemo-checkManifestLockResult.txt",
			);
			runOnlyForDeploymentPostprocessing = 0;
			shellPath = /bin/sh;
			shellScript = "diff \"${PODS_PODFILE_DIR_PATH}/Podfile.lock\" \"${PODS_ROOT}/Manifest.lock\" > /dev/null\nif [ $? != 0 ] ; then\n    # print error to STDERR\n    echo \"error: The sandbox is not in sync with the Podfile.lock. Run 'pod install' or update your CocoaPods installation.\" >&2\n    exit 1\nfi\n# This output is used by Xcode 'outputs' to avoid re-running this script phase.\necho \"SUCCESS\" > \"${SCRIPT_OUTPUT_FILE_0}\"\n";
			showEnvVarsInLog = 0;
		};
		1F93FA45F9091FA8FA0C8D9C /* [CP] Copy Pods Resources */ = {
			isa = PBXShellScriptBuildPhase;
			buildActionMask = 2147483647;
			files = (
			);
			inputFileListPaths = (
				"${PODS_ROOT}/Target Support Files/Pods-MyTestDemo/Pods-MyTestDemo-resources-${CONFIGURATION}-input-files.xcfilelist",
			);
			name = "[CP] Copy Pods Resources";
			outputFileListPaths = (
				"${PODS_ROOT}/Target Support Files/Pods-MyTestDemo/Pods-MyTestDemo-resources-${CONFIGURATION}-output-files.xcfilelist",
			);
			runOnlyForDeploymentPostprocessing = 0;
			shellPath = /bin/sh;
			shellScript = "\"${PODS_ROOT}/Target Support Files/Pods-MyTestDemo/Pods-MyTestDemo-resources.sh\"\n";
			showEnvVarsInLog = 0;
		};
/* End PBXShellScriptBuildPhase section */

/* Begin PBXSourcesBuildPhase section */
		BE2208442119711500DEB448 /* Sources */ = {
			isa = PBXSourcesBuildPhase;
			buildActionMask = 2147483647;
			files = (
				BEE6B7FF2396541100558383 /* ZSNextResponsderVC.m in Sources */,
				BE04576B216F1BC60074F9A3 /* MGSafeHostURLManager.m in Sources */,
				BED2E7DD213A6E9600A0CC54 /* GenericsVC.m in Sources */,
				BE3083062119741E0080DF01 /* RunLoopViewController.m in Sources */,
				BE2208502119711500DEB448 /* ViewController.m in Sources */,
				BE045765216EE86B0074F9A3 /* MGDesEncrypt.m in Sources */,
				BE30832E211A899E0080DF01 /* Person.m in Sources */,
				BE22085B2119711600DEB448 /* main.m in Sources */,
				BE045770216F344C0074F9A3 /* NSString+YPKit.m in Sources */,
				BE30832B211A89870080DF01 /* Test.m in Sources */,
				BE605E2521F5ED9F006FDDB6 /* ZSFileUploadDAO.m in Sources */,
				BEE6B8022396566C00558383 /* MyTestButton.m in Sources */,
				BE308335211AD4960080DF01 /* AutoreleaseVC.m in Sources */,
				BE264F2A211C35F30073B7F6 /* GCDDemoVC.m in Sources */,
				BE045771216F344C0074F9A3 /* NSData+YPKit.m in Sources */,
				BE428763212AB46900122853 /* file1.c in Sources */,
				BE045768216EE89C0074F9A3 /* EncryptVC.m in Sources */,
				BE308327211A816C0080DF01 /* RunLoopChangeModeVC.m in Sources */,
				BE4DAAEF232F265B009BB04F /* ZSHtmlToRichTextVC.m in Sources */,
				BE3083112119789A0080DF01 /* MyThread.m in Sources */,
				BE22084D2119711500DEB448 /* AppDelegate.m in Sources */,
				BEB57A61218AA84100C05FCE /* ZSDownloadVC.m in Sources */,
				BE414C9B22E0507300ABA109 /* RunLoopShareTestDemoVC.m in Sources */,
				BEF98A37230B8A7500CCC65D /* ZSLocationManager.m in Sources */,
				BE30830B2119760E0080DF01 /* InstanceTypeVC.m in Sources */,
				BED2E7E0213A6F5200A0CC54 /* Fruit.m in Sources */,
				BE428766212AB47500122853 /* file2.c in Sources */,
				BE30830E211976250080DF01 /* VarableStructVC.m in Sources */,
			);
			runOnlyForDeploymentPostprocessing = 0;
		};
/* End PBXSourcesBuildPhase section */

/* Begin XCBuildConfiguration section */
		BE22085C2119711600DEB448 /* Debug */ = {
			isa = XCBuildConfiguration;
			buildSettings = {
				ALWAYS_SEARCH_USER_PATHS = NO;
				CLANG_ANALYZER_NONNULL = YES;
				CLANG_ANALYZER_NUMBER_OBJECT_CONVERSION = YES_AGGRESSIVE;
				CLANG_CXX_LANGUAGE_STANDARD = "gnu++14";
				CLANG_CXX_LIBRARY = "libc++";
				CLANG_ENABLE_MODULES = YES;
				CLANG_ENABLE_OBJC_ARC = YES;
				CLANG_ENABLE_OBJC_WEAK = YES;
				CLANG_WARN_BLOCK_CAPTURE_AUTORELEASING = YES;
				CLANG_WARN_BOOL_CONVERSION = YES;
				CLANG_WARN_COMMA = YES;
				CLANG_WARN_CONSTANT_CONVERSION = YES;
				CLANG_WARN_DEPRECATED_OBJC_IMPLEMENTATIONS = YES;
				CLANG_WARN_DIRECT_OBJC_ISA_USAGE = YES_ERROR;
				CLANG_WARN_DOCUMENTATION_COMMENTS = YES;
				CLANG_WARN_EMPTY_BODY = YES;
				CLANG_WARN_ENUM_CONVERSION = YES;
				CLANG_WARN_INFINITE_RECURSION = YES;
				CLANG_WARN_INT_CONVERSION = YES;
				CLANG_WARN_NON_LITERAL_NULL_CONVERSION = YES;
				CLANG_WARN_OBJC_IMPLICIT_RETAIN_SELF = YES;
				CLANG_WARN_OBJC_LITERAL_CONVERSION = YES;
				CLANG_WARN_OBJC_ROOT_CLASS = YES_ERROR;
				CLANG_WARN_RANGE_LOOP_ANALYSIS = YES;
				CLANG_WARN_STRICT_PROTOTYPES = YES;
				CLANG_WARN_SUSPICIOUS_MOVE = YES;
				CLANG_WARN_UNGUARDED_AVAILABILITY = YES_AGGRESSIVE;
				CLANG_WARN_UNREACHABLE_CODE = YES;
				CLANG_WARN__DUPLICATE_METHOD_MATCH = YES;
				CODE_SIGN_IDENTITY = "iPhone Developer";
				COPY_PHASE_STRIP = NO;
				DEBUG_INFORMATION_FORMAT = dwarf;
				ENABLE_STRICT_OBJC_MSGSEND = YES;
				ENABLE_TESTABILITY = YES;
				GCC_C_LANGUAGE_STANDARD = gnu11;
				GCC_DYNAMIC_NO_PIC = NO;
				GCC_NO_COMMON_BLOCKS = YES;
				GCC_OPTIMIZATION_LEVEL = 0;
				GCC_PREPROCESSOR_DEFINITIONS = (
					"DEBUG=1",
					"$(inherited)",
				);
				GCC_WARN_64_TO_32_BIT_CONVERSION = YES;
				GCC_WARN_ABOUT_RETURN_TYPE = YES_ERROR;
				GCC_WARN_UNDECLARED_SELECTOR = YES;
				GCC_WARN_UNINITIALIZED_AUTOS = YES_AGGRESSIVE;
				GCC_WARN_UNUSED_FUNCTION = YES;
				GCC_WARN_UNUSED_VARIABLE = YES;
				IPHONEOS_DEPLOYMENT_TARGET = 11.4;
				MTL_ENABLE_DEBUG_INFO = YES;
				ONLY_ACTIVE_ARCH = YES;
				SDKROOT = iphoneos;
			};
			name = Debug;
		};
		BE22085D2119711600DEB448 /* Release */ = {
			isa = XCBuildConfiguration;
			buildSettings = {
				ALWAYS_SEARCH_USER_PATHS = NO;
				CLANG_ANALYZER_NONNULL = YES;
				CLANG_ANALYZER_NUMBER_OBJECT_CONVERSION = YES_AGGRESSIVE;
				CLANG_CXX_LANGUAGE_STANDARD = "gnu++14";
				CLANG_CXX_LIBRARY = "libc++";
				CLANG_ENABLE_MODULES = YES;
				CLANG_ENABLE_OBJC_ARC = YES;
				CLANG_ENABLE_OBJC_WEAK = YES;
				CLANG_WARN_BLOCK_CAPTURE_AUTORELEASING = YES;
				CLANG_WARN_BOOL_CONVERSION = YES;
				CLANG_WARN_COMMA = YES;
				CLANG_WARN_CONSTANT_CONVERSION = YES;
				CLANG_WARN_DEPRECATED_OBJC_IMPLEMENTATIONS = YES;
				CLANG_WARN_DIRECT_OBJC_ISA_USAGE = YES_ERROR;
				CLANG_WARN_DOCUMENTATION_COMMENTS = YES;
				CLANG_WARN_EMPTY_BODY = YES;
				CLANG_WARN_ENUM_CONVERSION = YES;
				CLANG_WARN_INFINITE_RECURSION = YES;
				CLANG_WARN_INT_CONVERSION = YES;
				CLANG_WARN_NON_LITERAL_NULL_CONVERSION = YES;
				CLANG_WARN_OBJC_IMPLICIT_RETAIN_SELF = YES;
				CLANG_WARN_OBJC_LITERAL_CONVERSION = YES;
				CLANG_WARN_OBJC_ROOT_CLASS = YES_ERROR;
				CLANG_WARN_RANGE_LOOP_ANALYSIS = YES;
				CLANG_WARN_STRICT_PROTOTYPES = YES;
				CLANG_WARN_SUSPICIOUS_MOVE = YES;
				CLANG_WARN_UNGUARDED_AVAILABILITY = YES_AGGRESSIVE;
				CLANG_WARN_UNREACHABLE_CODE = YES;
				CLANG_WARN__DUPLICATE_METHOD_MATCH = YES;
				CODE_SIGN_IDENTITY = "iPhone Developer";
				COPY_PHASE_STRIP = NO;
				DEBUG_INFORMATION_FORMAT = "dwarf-with-dsym";
				ENABLE_NS_ASSERTIONS = NO;
				ENABLE_STRICT_OBJC_MSGSEND = YES;
				GCC_C_LANGUAGE_STANDARD = gnu11;
				GCC_NO_COMMON_BLOCKS = YES;
				GCC_WARN_64_TO_32_BIT_CONVERSION = YES;
				GCC_WARN_ABOUT_RETURN_TYPE = YES_ERROR;
				GCC_WARN_UNDECLARED_SELECTOR = YES;
				GCC_WARN_UNINITIALIZED_AUTOS = YES_AGGRESSIVE;
				GCC_WARN_UNUSED_FUNCTION = YES;
				GCC_WARN_UNUSED_VARIABLE = YES;
				IPHONEOS_DEPLOYMENT_TARGET = 11.4;
				MTL_ENABLE_DEBUG_INFO = NO;
				SDKROOT = iphoneos;
				VALIDATE_PRODUCT = YES;
			};
			name = Release;
		};
		BE22085F2119711600DEB448 /* Debug */ = {
			isa = XCBuildConfiguration;
			baseConfigurationReference = F462E68F1CD4B6E4ACFE3F96 /* Pods-MyTestDemo.debug.xcconfig */;
			buildSettings = {
				ASSETCATALOG_COMPILER_APPICON_NAME = AppIcon;
				CODE_SIGN_IDENTITY = "Apple Development: PENG ZHANG (BYC9KS6ACJ)";
				CODE_SIGN_STYLE = Manual;
				DEVELOPMENT_TEAM = "";
				GCC_PRECOMPILE_PREFIX_HEADER = YES;
				GCC_PREFIX_HEADER = "MyTestDemo/MyTestDemo-Prefix.pch";
				INFOPLIST_FILE = MyTestDemo/Info.plist;
				IPHONEOS_DEPLOYMENT_TARGET = 9.0;
				LD_RUNPATH_SEARCH_PATHS = (
					"$(inherited)",
					"@executable_path/Frameworks",
				);
				PRODUCT_BUNDLE_IDENTIFIER = xxx;
				PRODUCT_NAME = "$(TARGET_NAME)";
				PROVISIONING_PROFILE = "484d2dbd-4052-4947-acb4-209df5319f09";
				PROVISIONING_PROFILE_SPECIFIER = mg_music_dev_debug;
				TARGETED_DEVICE_FAMILY = 1;
			};
			name = Debug;
		};
		BE2208602119711600DEB448 /* Release */ = {
			isa = XCBuildConfiguration;
			baseConfigurationReference = 1D6AB966F6889DA0D61DA72A /* Pods-MyTestDemo.release.xcconfig */;
			buildSettings = {
				ASSETCATALOG_COMPILER_APPICON_NAME = AppIcon;
				CODE_SIGN_IDENTITY = "Apple Development: PENG ZHANG (BYC9KS6ACJ)";
				CODE_SIGN_STYLE = Manual;
				DEVELOPMENT_TEAM = "";
				GCC_PRECOMPILE_PREFIX_HEADER = YES;
				GCC_PREFIX_HEADER = "MyTestDemo/MyTestDemo-Prefix.pch";
				INFOPLIST_FILE = MyTestDemo/Info.plist;
				IPHONEOS_DEPLOYMENT_TARGET = 9.0;
				LD_RUNPATH_SEARCH_PATHS = (
					"$(inherited)",
					"@executable_path/Frameworks",
				);
				PRODUCT_BUNDLE_IDENTIFIER = xxx;
				PRODUCT_NAME = "$(TARGET_NAME)";
				PROVISIONING_PROFILE = "484d2dbd-4052-4947-acb4-209df5319f09";
				PROVISIONING_PROFILE_SPECIFIER = mg_music_dev_debug;
				TARGETED_DEVICE_FAMILY = 1;
			};
			name = Release;
		};
/* End XCBuildConfiguration section */

/* Begin XCConfigurationList section */
		BE2208432119711500DEB448 /* Build configuration list for PBXProject "MyTestDemo" */ = {
			isa = XCConfigurationList;
			buildConfigurations = (
				BE22085C2119711600DEB448 /* Debug */,
				BE22085D2119711600DEB448 /* Release */,
			);
			defaultConfigurationIsVisible = 0;
			defaultConfigurationName = Release;
		};
		BE22085E2119711600DEB448 /* Build configuration list for PBXNativeTarget "MyTestDemo" */ = {
			isa = XCConfigurationList;
			buildConfigurations = (
				BE22085F2119711600DEB448 /* Debug */,
				BE2208602119711600DEB448 /* Release */,
			);
			defaultConfigurationIsVisible = 0;
			defaultConfigurationName = Release;
		};
/* End XCConfigurationList section */
	};
	rootObject = BE2208402119711500DEB448 /* Project object */;
}
